
Microsoft Visual Studio Solution File, Format Version 12.00
# Visual Studio 14
VisualStudioVersion = 14.0.25420.1
MinimumVisualStudioVersion = 10.0.40219.1
Project("{2150E333-8FDC-42A3-9474-1A3956D46DE8}") = "Library", "Library", "{D7D7C789-D7C1-40BF-9239-C1F9E0EFFD4E}"
EndProject
Project("{2150E333-8FDC-42A3-9474-1A3956D46DE8}") = "UI", "UI", "{812D6200-CD11-4DD8-84FA-66EC4374FB8C}"
EndProject
Project("{FAE04EC0-301F-11D3-BF4B-00C04F79EFBC}") = "API", "UI\API\API.csproj", "{8868D38D-5AA7-4E8B-84A4-9B76198E3815}"
EndProject
Project("{FAE04EC0-301F-11D3-BF4B-00C04F79EFBC}") = "4.Service", "Library\Service\4.Service.csproj", "{C67895A0-30D9-4DFF-B3E5-C03E0189DCE1}"
EndProject
Project("{FAE04EC0-301F-11D3-BF4B-00C04F79EFBC}") = "1.Core", "Library\Core\1.Core.csproj", "{0473C665-A0C0-4DD3-9383-DDA148C63C9E}"
EndProject
Project("{FAE04EC0-301F-11D3-BF4B-00C04F79EFBC}") = "2.Data", "Library\Data\2.Data.csproj", "{F6675056-C65D-45E1-8B00-799C3D44C5FF}"
EndProject
Project("{FAE04EC0-301F-11D3-BF4B-00C04F79EFBC}") = "0.Common", "Library\Common\0.Common.csproj", "{8F126E9B-383D-4CAF-9244-02374521B54E}"
EndProject
Project("{2150E333-8FDC-42A3-9474-1A3956D46DE8}") = "AmsWindowService", "AmsWindowService", "{54B29A2F-A2F0-41D1-96A0-5B8FDC31C793}"
EndProject
Project("{FAE04EC0-301F-11D3-BF4B-00C04F79EFBC}") = "ScanAndReplyEmailService", "UI\AmsWindowService\ScanAndReplyEmailService\ScanAndReplyEmailService.csproj", "{9C5CF151-CB43-4FA2-A3BC-6D55249C4781}"
EndProject
Global
	GlobalSection(SolutionConfigurationPlatforms) = preSolution
		CI|Any CPU = CI|Any CPU
		Debug|Any CPU = Debug|Any CPU
		gitlabrunner|Any CPU = gitlabrunner|Any CPU
		Release|Any CPU = Release|Any CPU
		ReleaseAzure|Any CPU = ReleaseAzure|Any CPU
	EndGlobalSection
	GlobalSection(ProjectConfigurationPlatforms) = postSolution
		{8868D38D-5AA7-4E8B-84A4-9B76198E3815}.CI|Any CPU.ActiveCfg = CI|Any CPU
		{8868D38D-5AA7-4E8B-84A4-9B76198E3815}.CI|Any CPU.Build.0 = CI|Any CPU
		{8868D38D-5AA7-4E8B-84A4-9B76198E3815}.Debug|Any CPU.ActiveCfg = Debug|Any CPU
		{8868D38D-5AA7-4E8B-84A4-9B76198E3815}.Debug|Any CPU.Build.0 = Debug|Any CPU
		{8868D38D-5AA7-4E8B-84A4-9B76198E3815}.gitlabrunner|Any CPU.ActiveCfg = gitlabrunner|Any CPU
		{8868D38D-5AA7-4E8B-84A4-9B76198E3815}.gitlabrunner|Any CPU.Build.0 = gitlabrunner|Any CPU
		{8868D38D-5AA7-4E8B-84A4-9B76198E3815}.Release|Any CPU.ActiveCfg = Release|Any CPU
		{8868D38D-5AA7-4E8B-84A4-9B76198E3815}.Release|Any CPU.Build.0 = Release|Any CPU
		{8868D38D-5AA7-4E8B-84A4-9B76198E3815}.ReleaseAzure|Any CPU.ActiveCfg = ReleaseAzure|Any CPU
		{8868D38D-5AA7-4E8B-84A4-9B76198E3815}.ReleaseAzure|Any CPU.Build.0 = ReleaseAzure|Any CPU
		{C67895A0-30D9-4DFF-B3E5-C03E0189DCE1}.CI|Any CPU.ActiveCfg = CI|Any CPU
		{C67895A0-30D9-4DFF-B3E5-C03E0189DCE1}.CI|Any CPU.Build.0 = CI|Any CPU
		{C67895A0-30D9-4DFF-B3E5-C03E0189DCE1}.Debug|Any CPU.ActiveCfg = Debug|Any CPU
		{C67895A0-30D9-4DFF-B3E5-C03E0189DCE1}.Debug|Any CPU.Build.0 = Debug|Any CPU
		{C67895A0-30D9-4DFF-B3E5-C03E0189DCE1}.gitlabrunner|Any CPU.ActiveCfg = gitlabrunner|Any CPU
		{C67895A0-30D9-4DFF-B3E5-C03E0189DCE1}.gitlabrunner|Any CPU.Build.0 = gitlabrunner|Any CPU
		{C67895A0-30D9-4DFF-B3E5-C03E0189DCE1}.Release|Any CPU.ActiveCfg = Release|Any CPU
		{C67895A0-30D9-4DFF-B3E5-C03E0189DCE1}.Release|Any CPU.Build.0 = Release|Any CPU
		{C67895A0-30D9-4DFF-B3E5-C03E0189DCE1}.ReleaseAzure|Any CPU.ActiveCfg = ReleaseAzure|Any CPU
		{C67895A0-30D9-4DFF-B3E5-C03E0189DCE1}.ReleaseAzure|Any CPU.Build.0 = ReleaseAzure|Any CPU
		{0473C665-A0C0-4DD3-9383-DDA148C63C9E}.CI|Any CPU.ActiveCfg = CI|Any CPU
		{0473C665-A0C0-4DD3-9383-DDA148C63C9E}.CI|Any CPU.Build.0 = CI|Any CPU
		{0473C665-A0C0-4DD3-9383-DDA148C63C9E}.Debug|Any CPU.ActiveCfg = Debug|Any CPU
		{0473C665-A0C0-4DD3-9383-DDA148C63C9E}.Debug|Any CPU.Build.0 = Debug|Any CPU
		{0473C665-A0C0-4DD3-9383-DDA148C63C9E}.gitlabrunner|Any CPU.ActiveCfg = gitlabrunner|Any CPU
		{0473C665-A0C0-4DD3-9383-DDA148C63C9E}.gitlabrunner|Any CPU.Build.0 = gitlabrunner|Any CPU
		{0473C665-A0C0-4DD3-9383-DDA148C63C9E}.Release|Any CPU.ActiveCfg = Release|Any CPU
		{0473C665-A0C0-4DD3-9383-DDA148C63C9E}.Release|Any CPU.Build.0 = Release|Any CPU
		{0473C665-A0C0-4DD3-9383-DDA148C63C9E}.ReleaseAzure|Any CPU.ActiveCfg = ReleaseAzure|Any CPU
		{0473C665-A0C0-4DD3-9383-DDA148C63C9E}.ReleaseAzure|Any CPU.Build.0 = ReleaseAzure|Any CPU
		{F6675056-C65D-45E1-8B00-799C3D44C5FF}.CI|Any CPU.ActiveCfg = CI|Any CPU
		{F6675056-C65D-45E1-8B00-799C3D44C5FF}.CI|Any CPU.Build.0 = CI|Any CPU
		{F6675056-C65D-45E1-8B00-799C3D44C5FF}.Debug|Any CPU.ActiveCfg = Debug|Any CPU
		{F6675056-C65D-45E1-8B00-799C3D44C5FF}.Debug|Any CPU.Build.0 = Debug|Any CPU
		{F6675056-C65D-45E1-8B00-799C3D44C5FF}.gitlabrunner|Any CPU.ActiveCfg = gitlabrunner|Any CPU
		{F6675056-C65D-45E1-8B00-799C3D44C5FF}.gitlabrunner|Any CPU.Build.0 = gitlabrunner|Any CPU
		{F6675056-C65D-45E1-8B00-799C3D44C5FF}.Release|Any CPU.ActiveCfg = Release|Any CPU
		{F6675056-C65D-45E1-8B00-799C3D44C5FF}.Release|Any CPU.Build.0 = Release|Any CPU
		{F6675056-C65D-45E1-8B00-799C3D44C5FF}.ReleaseAzure|Any CPU.ActiveCfg = ReleaseAzure|Any CPU
		{F6675056-C65D-45E1-8B00-799C3D44C5FF}.ReleaseAzure|Any CPU.Build.0 = ReleaseAzure|Any CPU
		{8F126E9B-383D-4CAF-9244-02374521B54E}.CI|Any CPU.ActiveCfg = CI|Any CPU
		{8F126E9B-383D-4CAF-9244-02374521B54E}.CI|Any CPU.Build.0 = CI|Any CPU
		{8F126E9B-383D-4CAF-9244-02374521B54E}.Debug|Any CPU.ActiveCfg = Debug|Any CPU
		{8F126E9B-383D-4CAF-9244-02374521B54E}.Debug|Any CPU.Build.0 = Debug|Any CPU
		{8F126E9B-383D-4CAF-9244-02374521B54E}.gitlabrunner|Any CPU.ActiveCfg = gitlabrunner|Any CPU
		{8F126E9B-383D-4CAF-9244-02374521B54E}.gitlabrunner|Any CPU.Build.0 = gitlabrunner|Any CPU
		{8F126E9B-383D-4CAF-9244-02374521B54E}.Release|Any CPU.ActiveCfg = Release|Any CPU
		{8F126E9B-383D-4CAF-9244-02374521B54E}.Release|Any CPU.Build.0 = Release|Any CPU
		{8F126E9B-383D-4CAF-9244-02374521B54E}.ReleaseAzure|Any CPU.ActiveCfg = ReleaseAzure|Any CPU
		{8F126E9B-383D-4CAF-9244-02374521B54E}.ReleaseAzure|Any CPU.Build.0 = ReleaseAzure|Any CPU
		{9C5CF151-CB43-4FA2-A3BC-6D55249C4781}.CI|Any CPU.ActiveCfg = Release|Any CPU
		{9C5CF151-CB43-4FA2-A3BC-6D55249C4781}.CI|Any CPU.Build.0 = Release|Any CPU
		{9C5CF151-CB43-4FA2-A3BC-6D55249C4781}.Debug|Any CPU.ActiveCfg = Debug|Any CPU
		{9C5CF151-CB43-4FA2-A3BC-6D55249C4781}.Debug|Any CPU.Build.0 = Debug|Any CPU
		{9C5CF151-CB43-4FA2-A3BC-6D55249C4781}.gitlabrunner|Any CPU.ActiveCfg = Release|Any CPU
		{9C5CF151-CB43-4FA2-A3BC-6D55249C4781}.gitlabrunner|Any CPU.Build.0 = Release|Any CPU
		{9C5CF151-CB43-4FA2-A3BC-6D55249C4781}.Release|Any CPU.ActiveCfg = Release|Any CPU
		{9C5CF151-CB43-4FA2-A3BC-6D55249C4781}.Release|Any CPU.Build.0 = Release|Any CPU
		{9C5CF151-CB43-4FA2-A3BC-6D55249C4781}.ReleaseAzure|Any CPU.ActiveCfg = Release|Any CPU
		{9C5CF151-CB43-4FA2-A3BC-6D55249C4781}.ReleaseAzure|Any CPU.Build.0 = Release|Any CPU
	EndGlobalSection
	GlobalSection(SolutionProperties) = preSolution
		HideSolutionNode = FALSE
	EndGlobalSection
	GlobalSection(NestedProjects) = preSolution
		{8868D38D-5AA7-4E8B-84A4-9B76198E3815} = {812D6200-CD11-4DD8-84FA-66EC4374FB8C}
		{C67895A0-30D9-4DFF-B3E5-C03E0189DCE1} = {D7D7C789-D7C1-40BF-9239-C1F9E0EFFD4E}
		{0473C665-A0C0-4DD3-9383-DDA148C63C9E} = {D7D7C789-D7C1-40BF-9239-C1F9E0EFFD4E}
		{F6675056-C65D-45E1-8B00-799C3D44C5FF} = {D7D7C789-D7C1-40BF-9239-C1F9E0EFFD4E}
		{8F126E9B-383D-4CAF-9244-02374521B54E} = {D7D7C789-D7C1-40BF-9239-C1F9E0EFFD4E}
		{54B29A2F-A2F0-41D1-96A0-5B8FDC31C793} = {812D6200-CD11-4DD8-84FA-66EC4374FB8C}
		{9C5CF151-CB43-4FA2-A3BC-6D55249C4781} = {54B29A2F-A2F0-41D1-96A0-5B8FDC31C793}
	EndGlobalSection
EndGlobal
